
Microsoft Visual Studio Solution File, Format Version 12.00
# Visual Studio 15
VisualStudioVersion = 15.0.28307.421
MinimumVisualStudioVersion = 10.0.40219.1
Project("{FAE04EC0-301F-11D3-BF4B-00C04F79EFBC}") = "SilentLux.ValueObject", "SilentLux.ValueObject\SilentLux.ValueObject.csproj", "{81D2E3B2-A304-4AB0-8B7F-DBAB38F2941D}"
EndProject
Project("{FAE04EC0-301F-11D3-BF4B-00C04F79EFBC}") = "SilentLux.ValueObject.Tests", "SilentLux.ValueObject.Tests\SilentLux.ValueObject.Tests.csproj", "{7D900969-0F6C-4F5B-A55D-6C9C40808A8D}"
EndProject
Global
	GlobalSection(SolutionConfigurationPlatforms) = preSolution
		Debug|Any CPU = Debug|Any CPU
		Release|Any CPU = Release|Any CPU
	EndGlobalSection
	GlobalSection(ProjectConfigurationPlatforms) = postSolution
		{81D2E3B2-A304-4AB0-8B7F-DBAB38F2941D}.Debug|Any CPU.ActiveCfg = Debug|Any CPU
		{81D2E3B2-A304-4AB0-8B7F-DBAB38F2941D}.Debug|Any CPU.Build.0 = Debug|Any CPU
		{81D2E3B2-A304-4AB0-8B7F-DBAB38F2941D}.Release|Any CPU.ActiveCfg = Release|Any CPU
		{81D2E3B2-A304-4AB0-8B7F-DBAB38F2941D}.Release|Any CPU.Build.0 = Release|Any CPU
		{7D900969-0F6C-4F5B-A55D-6C9C40808A8D}.Debug|Any CPU.ActiveCfg = Debug|Any CPU
		{7D900969-0F6C-4F5B-A55D-6C9C40808A8D}.Debug|Any CPU.Build.0 = Debug|Any CPU
		{7D900969-0F6C-4F5B-A55D-6C9C40808A8D}.Release|Any CPU.ActiveCfg = Release|Any CPU
		{7D900969-0F6C-4F5B-A55D-6C9C40808A8D}.Release|Any CPU.Build.0 = Release|Any CPU
	EndGlobalSection
	GlobalSection(SolutionProperties) = preSolution
		HideSolutionNode = FALSE
	EndGlobalSection
	GlobalSection(ExtensibilityGlobals) = postSolution
		SolutionGuid = {CADEDAD8-1701-46A3-B991-1A3235279D92}
	EndGlobalSection
EndGlobal
